
Microsoft Visual Studio Solution File, Format Version 12.00
# Visual Studio Version 17
VisualStudioVersion = 17.14.36301.6 d17.14
MinimumVisualStudioVersion = 10.0.40219.1
Project("{FAE04EC0-301F-11D3-BF4B-00C04F79EFBC}") = "Adding to resources assignment", "Adding to resources assignment.csproj", "{AFBD5EAF-2DA6-4298-BE80-CC288974F2BD}"
EndProject
Global
	GlobalSection(SolutionConfigurationPlatforms) = preSolution
		Debug|Any CPU = Debug|Any CPU
		Release|Any CPU = Release|Any CPU
	EndGlobalSection
	GlobalSection(ProjectConfigurationPlatforms) = postSolution
		{AFBD5EAF-2DA6-4298-BE80-CC288974F2BD}.Debug|Any CPU.ActiveCfg = Debug|Any CPU
		{AFBD5EAF-2DA6-4298-BE80-CC288974F2BD}.Debug|Any CPU.Build.0 = Debug|Any CPU
		{AFBD5EAF-2DA6-4298-BE80-CC288974F2BD}.Release|Any CPU.ActiveCfg = Release|Any CPU
		{AFBD5EAF-2DA6-4298-BE80-CC288974F2BD}.Release|Any CPU.Build.0 = Release|Any CPU
	EndGlobalSection
	GlobalSection(SolutionProperties) = preSolution
		HideSolutionNode = FALSE
	EndGlobalSection
	GlobalSection(ExtensibilityGlobals) = postSolution
		SolutionGuid = {88708CEB-D38D-4AEC-B33E-FBC2A0441491}
	EndGlobalSection
EndGlobal
